
Microsoft Visual Studio Solution File, Format Version 12.00
# Visual Studio Version 16
VisualStudioVersion = 16.0.32002.261
MinimumVisualStudioVersion = 10.0.40219.1
Project("{FAE04EC0-301F-11D3-BF4B-00C04F79EFBC}") = "Magicianred.Net.Backend.Web", "Magicianred.Net.Backend.Web\Magicianred.Net.Backend.Web.csproj", "{1CCD14EE-4B00-48B7-B0F0-463D53A85949}"
EndProject
Project("{FAE04EC0-301F-11D3-BF4B-00C04F79EFBC}") = "Magicianred.Net.Backend.Domain", "Magicianred.Net.Backend.Domain\Magicianred.Net.Backend.Domain.csproj", "{D9495399-50E5-4CCD-8E36-7A16424A8F41}"
EndProject
Project("{FAE04EC0-301F-11D3-BF4B-00C04F79EFBC}") = "Magicianred.Net.Backend.BL", "Magicianred.Net.Backend.BL\Magicianred.Net.Backend.BL.csproj", "{C18FF8E2-FBF9-4811-8EFD-9634758ABC6E}"
EndProject
Project("{FAE04EC0-301F-11D3-BF4B-00C04F79EFBC}") = "Magicianred.Net.Backend.DAL.Fake", "Magicianred.Net.Backend.DAL.Fake\Magicianred.Net.Backend.DAL.Fake.csproj", "{1651F8E2-D735-4AC2-98E5-1936B74B38D7}"
EndProject
Global
	GlobalSection(SolutionConfigurationPlatforms) = preSolution
		Debug|Any CPU = Debug|Any CPU
		Release|Any CPU = Release|Any CPU
	EndGlobalSection
	GlobalSection(ProjectConfigurationPlatforms) = postSolution
		{1CCD14EE-4B00-48B7-B0F0-463D53A85949}.Debug|Any CPU.ActiveCfg = Debug|Any CPU
		{1CCD14EE-4B00-48B7-B0F0-463D53A85949}.Debug|Any CPU.Build.0 = Debug|Any CPU
		{1CCD14EE-4B00-48B7-B0F0-463D53A85949}.Release|Any CPU.ActiveCfg = Release|Any CPU
		{1CCD14EE-4B00-48B7-B0F0-463D53A85949}.Release|Any CPU.Build.0 = Release|Any CPU
		{D9495399-50E5-4CCD-8E36-7A16424A8F41}.Debug|Any CPU.ActiveCfg = Debug|Any CPU
		{D9495399-50E5-4CCD-8E36-7A16424A8F41}.Debug|Any CPU.Build.0 = Debug|Any CPU
		{D9495399-50E5-4CCD-8E36-7A16424A8F41}.Release|Any CPU.ActiveCfg = Release|Any CPU
		{D9495399-50E5-4CCD-8E36-7A16424A8F41}.Release|Any CPU.Build.0 = Release|Any CPU
		{C18FF8E2-FBF9-4811-8EFD-9634758ABC6E}.Debug|Any CPU.ActiveCfg = Debug|Any CPU
		{C18FF8E2-FBF9-4811-8EFD-9634758ABC6E}.Debug|Any CPU.Build.0 = Debug|Any CPU
		{C18FF8E2-FBF9-4811-8EFD-9634758ABC6E}.Release|Any CPU.ActiveCfg = Release|Any CPU
		{C18FF8E2-FBF9-4811-8EFD-9634758ABC6E}.Release|Any CPU.Build.0 = Release|Any CPU
		{1651F8E2-D735-4AC2-98E5-1936B74B38D7}.Debug|Any CPU.ActiveCfg = Debug|Any CPU
		{1651F8E2-D735-4AC2-98E5-1936B74B38D7}.Debug|Any CPU.Build.0 = Debug|Any CPU
		{1651F8E2-D735-4AC2-98E5-1936B74B38D7}.Release|Any CPU.ActiveCfg = Release|Any CPU
		{1651F8E2-D735-4AC2-98E5-1936B74B38D7}.Release|Any CPU.Build.0 = Release|Any CPU
	EndGlobalSection
	GlobalSection(SolutionProperties) = preSolution
		HideSolutionNode = FALSE
	EndGlobalSection
	GlobalSection(ExtensibilityGlobals) = postSolution
		SolutionGuid = {9E613091-F731-4DE6-BCAA-FCD5D16E0BD7}
	EndGlobalSection
EndGlobal
