
Microsoft Visual Studio Solution File, Format Version 12.00
# Visual Studio Version 16
VisualStudioVersion = 16.0.32002.261
MinimumVisualStudioVersion = 10.0.40219.1
Project("{FAE04EC0-301F-11D3-BF4B-00C04F79EFBC}") = "Magicianred.Net.Backend.Web", "Magicianred.Net.Backend.Web\Magicianred.Net.Backend.Web.csproj", "{1CCD14EE-4B00-48B7-B0F0-463D53A85949}"
EndProject
Project("{9A19103F-16F7-4668-BE54-9A1E7A4F7556}") = "Magicianred.Net.Backend.Domain", "Magicianred.Net.Backend.Domain\Magicianred.Net.Backend.Domain.csproj", "{D9495399-50E5-4CCD-8E36-7A16424A8F41}"
EndProject
Project("{9A19103F-16F7-4668-BE54-9A1E7A4F7556}") = "Magicianred.Net.Backend.BL", "Magicianred.Net.Backend.BL\Magicianred.Net.Backend.BL.csproj", "{C18FF8E2-FBF9-4811-8EFD-9634758ABC6E}"
EndProject
Project("{9A19103F-16F7-4668-BE54-9A1E7A4F7556}") = "Magicianred.Net.Backend.DAL.Fake", "Magicianred.Net.Backend.DAL.Fake\Magicianred.Net.Backend.DAL.Fake.csproj", "{1651F8E2-D735-4AC2-98E5-1936B74B38D7}"
EndProject
Project("{2150E333-8FDC-42A3-9474-1A3956D46DE8}") = "RegistryArea", "RegistryArea", "{B49B4F65-C5B7-41FF-A2C6-3350B9070D62}"
EndProject
Project("{9A19103F-16F7-4668-BE54-9A1E7A4F7556}") = "Magicianred.RegistryArea.Domain", "RegistryArea\Magicianred.RegistryArea\Magicianred.RegistryArea.Domain\Magicianred.RegistryArea.Domain.csproj", "{A12A1704-4B31-42D4-893D-BA7C78065319}"
EndProject
Project("{9A19103F-16F7-4668-BE54-9A1E7A4F7556}") = "Magicianred.RegistryArea.BL", "RegistryArea\Magicianred.RegistryArea\Magicianred.RegistryArea.BL\Magicianred.RegistryArea.BL.csproj", "{8FB1618B-CBC2-4EB9-84F7-4AF7A092F532}"
EndProject
Project("{2150E333-8FDC-42A3-9474-1A3956D46DE8}") = "Solution Items", "Solution Items", "{C6682AF0-0530-4872-868F-9ED9AB8996D4}"
	ProjectSection(SolutionItems) = preProject
		..\..\README.md = ..\..\README.md
	EndProjectSection
EndProject
Global
	GlobalSection(SolutionConfigurationPlatforms) = preSolution
		Debug|Any CPU = Debug|Any CPU
		Release|Any CPU = Release|Any CPU
	EndGlobalSection
	GlobalSection(ProjectConfigurationPlatforms) = postSolution
		{1CCD14EE-4B00-48B7-B0F0-463D53A85949}.Debug|Any CPU.ActiveCfg = Debug|Any CPU
		{1CCD14EE-4B00-48B7-B0F0-463D53A85949}.Debug|Any CPU.Build.0 = Debug|Any CPU
		{1CCD14EE-4B00-48B7-B0F0-463D53A85949}.Release|Any CPU.ActiveCfg = Release|Any CPU
		{1CCD14EE-4B00-48B7-B0F0-463D53A85949}.Release|Any CPU.Build.0 = Release|Any CPU
		{D9495399-50E5-4CCD-8E36-7A16424A8F41}.Debug|Any CPU.ActiveCfg = Debug|Any CPU
		{D9495399-50E5-4CCD-8E36-7A16424A8F41}.Debug|Any CPU.Build.0 = Debug|Any CPU
		{D9495399-50E5-4CCD-8E36-7A16424A8F41}.Release|Any CPU.ActiveCfg = Release|Any CPU
		{D9495399-50E5-4CCD-8E36-7A16424A8F41}.Release|Any CPU.Build.0 = Release|Any CPU
		{C18FF8E2-FBF9-4811-8EFD-9634758ABC6E}.Debug|Any CPU.ActiveCfg = Debug|Any CPU
		{C18FF8E2-FBF9-4811-8EFD-9634758ABC6E}.Debug|Any CPU.Build.0 = Debug|Any CPU
		{C18FF8E2-FBF9-4811-8EFD-9634758ABC6E}.Release|Any CPU.ActiveCfg = Release|Any CPU
		{C18FF8E2-FBF9-4811-8EFD-9634758ABC6E}.Release|Any CPU.Build.0 = Release|Any CPU
		{1651F8E2-D735-4AC2-98E5-1936B74B38D7}.Debug|Any CPU.ActiveCfg = Debug|Any CPU
		{1651F8E2-D735-4AC2-98E5-1936B74B38D7}.Debug|Any CPU.Build.0 = Debug|Any CPU
		{1651F8E2-D735-4AC2-98E5-1936B74B38D7}.Release|Any CPU.ActiveCfg = Release|Any CPU
		{1651F8E2-D735-4AC2-98E5-1936B74B38D7}.Release|Any CPU.Build.0 = Release|Any CPU
		{A12A1704-4B31-42D4-893D-BA7C78065319}.Debug|Any CPU.ActiveCfg = Debug|Any CPU
		{A12A1704-4B31-42D4-893D-BA7C78065319}.Debug|Any CPU.Build.0 = Debug|Any CPU
		{A12A1704-4B31-42D4-893D-BA7C78065319}.Release|Any CPU.ActiveCfg = Release|Any CPU
		{A12A1704-4B31-42D4-893D-BA7C78065319}.Release|Any CPU.Build.0 = Release|Any CPU
		{8FB1618B-CBC2-4EB9-84F7-4AF7A092F532}.Debug|Any CPU.ActiveCfg = Debug|Any CPU
		{8FB1618B-CBC2-4EB9-84F7-4AF7A092F532}.Debug|Any CPU.Build.0 = Debug|Any CPU
		{8FB1618B-CBC2-4EB9-84F7-4AF7A092F532}.Release|Any CPU.ActiveCfg = Release|Any CPU
		{8FB1618B-CBC2-4EB9-84F7-4AF7A092F532}.Release|Any CPU.Build.0 = Release|Any CPU
	EndGlobalSection
	GlobalSection(SolutionProperties) = preSolution
		HideSolutionNode = FALSE
	EndGlobalSection
	GlobalSection(NestedProjects) = preSolution
		{A12A1704-4B31-42D4-893D-BA7C78065319} = {B49B4F65-C5B7-41FF-A2C6-3350B9070D62}
		{8FB1618B-CBC2-4EB9-84F7-4AF7A092F532} = {B49B4F65-C5B7-41FF-A2C6-3350B9070D62}
	EndGlobalSection
	GlobalSection(ExtensibilityGlobals) = postSolution
		SolutionGuid = {9E613091-F731-4DE6-BCAA-FCD5D16E0BD7}
	EndGlobalSection
EndGlobal
